
Microsoft Visual Studio Solution File, Format Version 12.00
# Visual Studio Version 16
VisualStudioVersion = 16.0.29318.209
MinimumVisualStudioVersion = 10.0.40219.1
Project("{9A19103F-16F7-4668-BE54-9A1E7A4F7556}") = "PdvApiDapper", "PdvApiDapper\PdvApiDapper.csproj", "{B9F2B734-B146-4CE5-851D-1B203EE607F3}"
EndProject
Project("{FAE04EC0-301F-11D3-BF4B-00C04F79EFBC}") = "UnitTestPdvApi", "UnitTestPdvApi\UnitTestPdvApi.csproj", "{9576C5BF-EEEC-49AA-85FB-CE676CE0D00C}"
EndProject
Global
	GlobalSection(SolutionConfigurationPlatforms) = preSolution
		Debug|Any CPU = Debug|Any CPU
		Release|Any CPU = Release|Any CPU
	EndGlobalSection
	GlobalSection(ProjectConfigurationPlatforms) = postSolution
		{B9F2B734-B146-4CE5-851D-1B203EE607F3}.Debug|Any CPU.ActiveCfg = Debug|Any CPU
		{B9F2B734-B146-4CE5-851D-1B203EE607F3}.Debug|Any CPU.Build.0 = Debug|Any CPU
		{B9F2B734-B146-4CE5-851D-1B203EE607F3}.Release|Any CPU.ActiveCfg = Release|Any CPU
		{B9F2B734-B146-4CE5-851D-1B203EE607F3}.Release|Any CPU.Build.0 = Release|Any CPU
		{9576C5BF-EEEC-49AA-85FB-CE676CE0D00C}.Debug|Any CPU.ActiveCfg = Debug|Any CPU
		{9576C5BF-EEEC-49AA-85FB-CE676CE0D00C}.Debug|Any CPU.Build.0 = Debug|Any CPU
		{9576C5BF-EEEC-49AA-85FB-CE676CE0D00C}.Release|Any CPU.ActiveCfg = Release|Any CPU
		{9576C5BF-EEEC-49AA-85FB-CE676CE0D00C}.Release|Any CPU.Build.0 = Release|Any CPU
	EndGlobalSection
	GlobalSection(SolutionProperties) = preSolution
		HideSolutionNode = FALSE
	EndGlobalSection
	GlobalSection(ExtensibilityGlobals) = postSolution
		SolutionGuid = {0802A786-B3B3-40DF-8C21-C8DEEC16150F}
	EndGlobalSection
EndGlobal
